
Microsoft Visual Studio Solution File, Format Version 11.00
# Visual C# Express 2010
Project("{FAE04EC0-301F-11D3-BF4B-00C04F79EFBC}") = "人事工资管理系统", "人事工资管理系统\人事工资管理系统.csproj", "{98650CFC-8677-4FC8-BD7C-FA2F751A5C8A}"
EndProject
Global
	GlobalSection(SolutionConfigurationPlatforms) = preSolution
		Debug|Any CPU = Debug|Any CPU
		Release|Any CPU = Release|Any CPU
	EndGlobalSection
	GlobalSection(ProjectConfigurationPlatforms) = postSolution
		{98650CFC-8677-4FC8-BD7C-FA2F751A5C8A}.Debug|Any CPU.ActiveCfg = Debug|Any CPU
		{98650CFC-8677-4FC8-BD7C-FA2F751A5C8A}.Debug|Any CPU.Build.0 = Debug|Any CPU
		{98650CFC-8677-4FC8-BD7C-FA2F751A5C8A}.Release|Any CPU.ActiveCfg = Release|Any CPU
		{98650CFC-8677-4FC8-BD7C-FA2F751A5C8A}.Release|Any CPU.Build.0 = Release|Any CPU
	EndGlobalSection
	GlobalSection(SolutionProperties) = preSolution
		HideSolutionNode = FALSE
	EndGlobalSection
EndGlobal
